
Microsoft Visual Studio Solution File, Format Version 12.00
# Visual Studio Version 16
VisualStudioVersion = 25.0.1705.3
MinimumVisualStudioVersion = 10.0.40219.1
Project("{FAE04EC0-301F-11D3-BF4B-00C04F79EFBC}") = "TicTactToe", "TicTactToe.csproj", "{383523BE-BBFC-4CC9-A2AA-467F9605158F}"
EndProject
Global
	GlobalSection(SolutionConfigurationPlatforms) = preSolution
		Debug|Any CPU = Debug|Any CPU
		Release|Any CPU = Release|Any CPU
	EndGlobalSection
	GlobalSection(ProjectConfigurationPlatforms) = postSolution
		{383523BE-BBFC-4CC9-A2AA-467F9605158F}.Debug|Any CPU.ActiveCfg = Debug|Any CPU
		{383523BE-BBFC-4CC9-A2AA-467F9605158F}.Debug|Any CPU.Build.0 = Debug|Any CPU
		{383523BE-BBFC-4CC9-A2AA-467F9605158F}.Release|Any CPU.ActiveCfg = Release|Any CPU
		{383523BE-BBFC-4CC9-A2AA-467F9605158F}.Release|Any CPU.Build.0 = Release|Any CPU
	EndGlobalSection
	GlobalSection(SolutionProperties) = preSolution
		HideSolutionNode = FALSE
	EndGlobalSection
	GlobalSection(ExtensibilityGlobals) = postSolution
		SolutionGuid = {AB9069C1-218D-45F8-88F9-251AC2F2C72F}
	EndGlobalSection
EndGlobal
